
Microsoft Visual Studio Solution File, Format Version 12.00
# Visual Studio Version 17
VisualStudioVersion = 17.4.33205.214
MinimumVisualStudioVersion = 10.0.40219.1
Project("{FAE04EC0-301F-11D3-BF4B-00C04F79EFBC}") = "HomeworkWpf18", "HomeworkWpf18\HomeworkWpf18.csproj", "{F41F373B-9B2F-42E8-B8B4-054E8906BACC}"
EndProject
Global
	GlobalSection(SolutionConfigurationPlatforms) = preSolution
		Debug|Any CPU = Debug|Any CPU
		Release|Any CPU = Release|Any CPU
	EndGlobalSection
	GlobalSection(ProjectConfigurationPlatforms) = postSolution
		{F41F373B-9B2F-42E8-B8B4-054E8906BACC}.Debug|Any CPU.ActiveCfg = Debug|Any CPU
		{F41F373B-9B2F-42E8-B8B4-054E8906BACC}.Debug|Any CPU.Build.0 = Debug|Any CPU
		{F41F373B-9B2F-42E8-B8B4-054E8906BACC}.Release|Any CPU.ActiveCfg = Release|Any CPU
		{F41F373B-9B2F-42E8-B8B4-054E8906BACC}.Release|Any CPU.Build.0 = Release|Any CPU
	EndGlobalSection
	GlobalSection(SolutionProperties) = preSolution
		HideSolutionNode = FALSE
	EndGlobalSection
	GlobalSection(ExtensibilityGlobals) = postSolution
		SolutionGuid = {F8A36A9A-8B24-4C62-89D0-A6966B50AFA6}
	EndGlobalSection
EndGlobal
